
Microsoft Visual Studio Solution File, Format Version 12.00
# Visual Studio Version 17
VisualStudioVersion = 17.13.35818.85 d17.13
MinimumVisualStudioVersion = 10.0.40219.1
Project("{FAE04EC0-301F-11D3-BF4B-00C04F79EFBC}") = "QuadraticOptimizationSolver", "QuadraticOptimizationSolver.csproj", "{46A4AE23-A38E-4B49-814C-C285966A8EDF}"
EndProject
Global
	GlobalSection(SolutionConfigurationPlatforms) = preSolution
		Debug|Any CPU = Debug|Any CPU
		Release|Any CPU = Release|Any CPU
	EndGlobalSection
	GlobalSection(ProjectConfigurationPlatforms) = postSolution
		{46A4AE23-A38E-4B49-814C-C285966A8EDF}.Debug|Any CPU.ActiveCfg = Debug|Any CPU
		{46A4AE23-A38E-4B49-814C-C285966A8EDF}.Debug|Any CPU.Build.0 = Debug|Any CPU
		{46A4AE23-A38E-4B49-814C-C285966A8EDF}.Release|Any CPU.ActiveCfg = Release|Any CPU
		{46A4AE23-A38E-4B49-814C-C285966A8EDF}.Release|Any CPU.Build.0 = Release|Any CPU
	EndGlobalSection
	GlobalSection(SolutionProperties) = preSolution
		HideSolutionNode = FALSE
	EndGlobalSection
	GlobalSection(ExtensibilityGlobals) = postSolution
		SolutionGuid = {3A89C4CA-C763-467B-88F6-E37259658CCB}
	EndGlobalSection
EndGlobal
